
Microsoft Visual Studio Solution File, Format Version 12.00
# Visual Studio 14
VisualStudioVersion = 14.0.23107.0
MinimumVisualStudioVersion = 10.0.40219.1
Project("{FAE04EC0-301F-11D3-BF4B-00C04F79EFBC}") = "TelnetMVC", "TelnetMVC\TelnetMVC.csproj", "{7F8D2DA2-C539-4D32-B40A-C3E42D5AB17E}"
EndProject
Project("{FAE04EC0-301F-11D3-BF4B-00C04F79EFBC}") = "EFModel", "EFModel\EFModel.csproj", "{59D896E6-DFFD-43EA-B6A2-F29532BE55E8}"
EndProject
Project("{FAE04EC0-301F-11D3-BF4B-00C04F79EFBC}") = "TelnetMVC.Entities", "TelnetMVC.Entities\TelnetMVC.Entities.csproj", "{AF5AF32D-2995-495E-978F-079E5CCD5057}"
EndProject
Project("{FAE04EC0-301F-11D3-BF4B-00C04F79EFBC}") = "TelnetMVC.Common", "TelnetMVC.Common\TelnetMVC.Common.csproj", "{16DD8153-CBE7-4B1C-B70D-9C2E50A2DD4E}"
EndProject
Project("{FAE04EC0-301F-11D3-BF4B-00C04F79EFBC}") = "TelnetMVC.DAL", "TelnetMVC.DAL\TelnetMVC.DAL.csproj", "{00337262-BB26-4C92-9010-5389A376EDFF}"
EndProject
Project("{FAE04EC0-301F-11D3-BF4B-00C04F79EFBC}") = "TelnetMVC.BLL", "TelnetMVC.BLL\TelnetMVC.BLL.csproj", "{923081F9-3577-4C5D-876F-B960F7F100E5}"
EndProject
Global
	GlobalSection(SolutionConfigurationPlatforms) = preSolution
		Debug|Any CPU = Debug|Any CPU
		Release|Any CPU = Release|Any CPU
	EndGlobalSection
	GlobalSection(ProjectConfigurationPlatforms) = postSolution
		{7F8D2DA2-C539-4D32-B40A-C3E42D5AB17E}.Debug|Any CPU.ActiveCfg = Debug|Any CPU
		{7F8D2DA2-C539-4D32-B40A-C3E42D5AB17E}.Debug|Any CPU.Build.0 = Debug|Any CPU
		{7F8D2DA2-C539-4D32-B40A-C3E42D5AB17E}.Release|Any CPU.ActiveCfg = Release|Any CPU
		{7F8D2DA2-C539-4D32-B40A-C3E42D5AB17E}.Release|Any CPU.Build.0 = Release|Any CPU
		{59D896E6-DFFD-43EA-B6A2-F29532BE55E8}.Debug|Any CPU.ActiveCfg = Debug|Any CPU
		{59D896E6-DFFD-43EA-B6A2-F29532BE55E8}.Debug|Any CPU.Build.0 = Debug|Any CPU
		{59D896E6-DFFD-43EA-B6A2-F29532BE55E8}.Release|Any CPU.ActiveCfg = Release|Any CPU
		{59D896E6-DFFD-43EA-B6A2-F29532BE55E8}.Release|Any CPU.Build.0 = Release|Any CPU
		{AF5AF32D-2995-495E-978F-079E5CCD5057}.Debug|Any CPU.ActiveCfg = Debug|Any CPU
		{AF5AF32D-2995-495E-978F-079E5CCD5057}.Debug|Any CPU.Build.0 = Debug|Any CPU
		{AF5AF32D-2995-495E-978F-079E5CCD5057}.Release|Any CPU.ActiveCfg = Release|Any CPU
		{AF5AF32D-2995-495E-978F-079E5CCD5057}.Release|Any CPU.Build.0 = Release|Any CPU
		{16DD8153-CBE7-4B1C-B70D-9C2E50A2DD4E}.Debug|Any CPU.ActiveCfg = Debug|Any CPU
		{16DD8153-CBE7-4B1C-B70D-9C2E50A2DD4E}.Debug|Any CPU.Build.0 = Debug|Any CPU
		{16DD8153-CBE7-4B1C-B70D-9C2E50A2DD4E}.Release|Any CPU.ActiveCfg = Release|Any CPU
		{16DD8153-CBE7-4B1C-B70D-9C2E50A2DD4E}.Release|Any CPU.Build.0 = Release|Any CPU
		{00337262-BB26-4C92-9010-5389A376EDFF}.Debug|Any CPU.ActiveCfg = Debug|Any CPU
		{00337262-BB26-4C92-9010-5389A376EDFF}.Debug|Any CPU.Build.0 = Debug|Any CPU
		{00337262-BB26-4C92-9010-5389A376EDFF}.Release|Any CPU.ActiveCfg = Release|Any CPU
		{00337262-BB26-4C92-9010-5389A376EDFF}.Release|Any CPU.Build.0 = Release|Any CPU
		{923081F9-3577-4C5D-876F-B960F7F100E5}.Debug|Any CPU.ActiveCfg = Debug|Any CPU
		{923081F9-3577-4C5D-876F-B960F7F100E5}.Debug|Any CPU.Build.0 = Debug|Any CPU
		{923081F9-3577-4C5D-876F-B960F7F100E5}.Release|Any CPU.ActiveCfg = Release|Any CPU
		{923081F9-3577-4C5D-876F-B960F7F100E5}.Release|Any CPU.Build.0 = Release|Any CPU
	EndGlobalSection
	GlobalSection(SolutionProperties) = preSolution
		HideSolutionNode = FALSE
	EndGlobalSection
	GlobalSection(ExtensibilityGlobals) = postSolution
		VisualSVNWorkingCopyRoot = .
	EndGlobalSection
EndGlobal
